
Microsoft Visual Studio Solution File, Format Version 12.00
# Visual Studio 14
VisualStudioVersion = 14.0.25420.1
MinimumVisualStudioVersion = 10.0.40219.1
Project("{8BC9CEB8-8B4A-11D0-8D11-00A0C91BC942}") = "compasscal", "compasscal_lib\compasscal_lib.vcxproj", "{065DE92C-7671-4D59-A553-AEC2FC67873E}"
EndProject
Project("{8BC9CEB8-8B4A-11D0-8D11-00A0C91BC942}") = "compasscal_ex", "compasscal_ex\compasscal_ex.vcxproj", "{0BC1E34B-E6EA-4A72-9E0D-44B9A0569414}"
EndProject
Global
	GlobalSection(SolutionConfigurationPlatforms) = preSolution
		Debug|Win32 = Debug|Win32
		Debug|x64 = Debug|x64
		Release|Win32 = Release|Win32
		Release|x64 = Release|x64
	EndGlobalSection
	GlobalSection(ProjectConfigurationPlatforms) = postSolution
		{065DE92C-7671-4D59-A553-AEC2FC67873E}.Debug|Win32.ActiveCfg = Debug|Win32
		{065DE92C-7671-4D59-A553-AEC2FC67873E}.Debug|Win32.Build.0 = Debug|Win32
		{065DE92C-7671-4D59-A553-AEC2FC67873E}.Debug|x64.ActiveCfg = Debug|x64
		{065DE92C-7671-4D59-A553-AEC2FC67873E}.Debug|x64.Build.0 = Debug|x64
		{065DE92C-7671-4D59-A553-AEC2FC67873E}.Release|Win32.ActiveCfg = Release|Win32
		{065DE92C-7671-4D59-A553-AEC2FC67873E}.Release|Win32.Build.0 = Release|Win32
		{065DE92C-7671-4D59-A553-AEC2FC67873E}.Release|x64.ActiveCfg = Release|x64
		{065DE92C-7671-4D59-A553-AEC2FC67873E}.Release|x64.Build.0 = Release|x64
		{0BC1E34B-E6EA-4A72-9E0D-44B9A0569414}.Debug|Win32.ActiveCfg = Debug|Win32
		{0BC1E34B-E6EA-4A72-9E0D-44B9A0569414}.Debug|Win32.Build.0 = Debug|Win32
		{0BC1E34B-E6EA-4A72-9E0D-44B9A0569414}.Debug|x64.ActiveCfg = Debug|x64
		{0BC1E34B-E6EA-4A72-9E0D-44B9A0569414}.Debug|x64.Build.0 = Debug|x64
		{0BC1E34B-E6EA-4A72-9E0D-44B9A0569414}.Release|Win32.ActiveCfg = Release|Win32
		{0BC1E34B-E6EA-4A72-9E0D-44B9A0569414}.Release|Win32.Build.0 = Release|Win32
		{0BC1E34B-E6EA-4A72-9E0D-44B9A0569414}.Release|x64.ActiveCfg = Release|x64
		{0BC1E34B-E6EA-4A72-9E0D-44B9A0569414}.Release|x64.Build.0 = Release|x64
	EndGlobalSection
	GlobalSection(SolutionProperties) = preSolution
		HideSolutionNode = FALSE
	EndGlobalSection
EndGlobal
